// !$*UTF8*$!
{
	archiveVersion = 1;
	classes = {
	};
	objectVersion = 55;
	objects = {

/* Begin PBXBuildFile section */
		4E0589682888608D0039CF70 /* Bag.swift in Sources */ = {isa = PBXBuildFile; fileRef = 4E0589672888608D0039CF70 /* Bag.swift */; };
		4E05896A288860930039CF70 /* Stack.swift in Sources */ = {isa = PBXBuildFile; fileRef = 4E058969288860930039CF70 /* Stack.swift */; };
		4E05896C288860970039CF70 /* Queue.swift in Sources */ = {isa = PBXBuildFile; fileRef = 4E05896B288860970039CF70 /* Queue.swift */; };
		4E732884287C9D5F002C1EB3 /* main.swift in Sources */ = {isa = PBXBuildFile; fileRef = 4E732883287C9D5F002C1EB3 /* main.swift */; };
		4E73288C287C9D93002C1EB3 /* Recursion.swift in Sources */ = {isa = PBXBuildFile; fileRef = 4E73288B287C9D93002C1EB3 /* Recursion.swift */; };
		4E73288F287CA07C002C1EB3 /* String+DPStringTool.swift in Sources */ = {isa = PBXBuildFile; fileRef = 4E73288E287CA07C002C1EB3 /* String+DPStringTool.swift */; };
		4E8BA5132885BD6A002461FB /* Searching.swift in Sources */ = {isa = PBXBuildFile; fileRef = 4E8BA5122885BD6A002461FB /* Searching.swift */; };
		4E8BA5152885BF85002461FB /* Sorting.swift in Sources */ = {isa = PBXBuildFile; fileRef = 4E8BA5142885BF85002461FB /* Sorting.swift */; };
		4EAB826B287F2DD5008906AD /* ExhaustiveSearch.swift in Sources */ = {isa = PBXBuildFile; fileRef = 4EAB826A287F2DD5008906AD /* ExhaustiveSearch.swift */; };
		4EAB826D287F41E5008906AD /* Backtracking.swift in Sources */ = {isa = PBXBuildFile; fileRef = 4EAB826C287F41E5008906AD /* Backtracking.swift */; };
		4EAB8270287F4A04008906AD /* QueensSolver.swift in Sources */ = {isa = PBXBuildFile; fileRef = 4EAB826F287F4A04008906AD /* QueensSolver.swift */; };
		4EAB8272287F4A10008906AD /* Board.swift in Sources */ = {isa = PBXBuildFile; fileRef = 4EAB8271287F4A10008906AD /* Board.swift */; };
		E524725D2895B31D001390F9 /* ProblemSet4(TreeBasics).swift in Sources */ = {isa = PBXBuildFile; fileRef = E524725C2895B31D001390F9 /* ProblemSet4(TreeBasics).swift */; };
		E56F7FAC28AAB49300EE1458 /* ProblemSet7(GreedyAlgorithm).swift in Sources */ = {isa = PBXBuildFile; fileRef = E56F7FAB28AAB49300EE1458 /* ProblemSet7(GreedyAlgorithm).swift */; };
		E56F7FAE28AD68E000EE1458 /* UF.swift in Sources */ = {isa = PBXBuildFile; fileRef = E56F7FAD28AD68E000EE1458 /* UF.swift */; };
		E56F7FB028AD6E3D00EE1458 /* Excercises_UnionFind.swift in Sources */ = {isa = PBXBuildFile; fileRef = E56F7FAF28AD6E3D00EE1458 /* Excercises_UnionFind.swift */; };
		E574BEEA28B1E6CE006AE5FD /* MinimumCostFlow.swift in Sources */ = {isa = PBXBuildFile; fileRef = E574BEE928B1E6CE006AE5FD /* MinimumCostFlow.swift */; };
		E574BEED28B46A23006AE5FD /* ProblemSet8(NetWork).swift in Sources */ = {isa = PBXBuildFile; fileRef = E574BEEC28B46A23006AE5FD /* ProblemSet8(NetWork).swift */; };
		E574BEEF28B565ED006AE5FD /* IndexPriorityQueue.swift in Sources */ = {isa = PBXBuildFile; fileRef = E574BEEE28B565ED006AE5FD /* IndexPriorityQueue.swift */; };
		E57ED95D2891D6CA00A308FE /* ProblemSet2(Graph).swift in Sources */ = {isa = PBXBuildFile; fileRef = E57ED95C2891D6CA00A308FE /* ProblemSet2(Graph).swift */; };
		E57ED96028930B0E00A308FE /* TreeTraversal.swift in Sources */ = {isa = PBXBuildFile; fileRef = E57ED95F28930B0E00A308FE /* TreeTraversal.swift */; };
		E590A802289C14A800458C4C /* ProgramSet5(Lowest Common Ancestor) .swift in Sources */ = {isa = PBXBuildFile; fileRef = E590A801289C14A800458C4C /* ProgramSet5(Lowest Common Ancestor) .swift */; };
		E590A805289CDB1600458C4C /* SushiReviews.swift in Sources */ = {isa = PBXBuildFile; fileRef = E590A804289CDB1600458C4C /* SushiReviews.swift */; };
		E590A80A289F165100458C4C /* Diameter.swift in Sources */ = {isa = PBXBuildFile; fileRef = E590A809289F165100458C4C /* Diameter.swift */; };
		E590A80D28A177A300458C4C /* Town.swift in Sources */ = {isa = PBXBuildFile; fileRef = E590A80C28A177A300458C4C /* Town.swift */; };
		E590A81128A2CF1500458C4C /* Maze.swift in Sources */ = {isa = PBXBuildFile; fileRef = E590A81028A2CF1500458C4C /* Maze.swift */; };
		E590A81328A2CF4200458C4C /* ProblemSet3(FloodFill).swift in Sources */ = {isa = PBXBuildFile; fileRef = E590A81228A2CF4200458C4C /* ProblemSet3(FloodFill).swift */; };
		E5D278AE28A57449009E9748 /* ProgramSet6(TopologicalSort).swift in Sources */ = {isa = PBXBuildFile; fileRef = E5D278AD28A57449009E9748 /* ProgramSet6(TopologicalSort).swift */; };
		E5F8B757288872C90046CA9C /* PriorityQueue.swift in Sources */ = {isa = PBXBuildFile; fileRef = E5F8B756288872C90046CA9C /* PriorityQueue.swift */; };
/* End PBXBuildFile section */

/* Begin PBXCopyFilesBuildPhase section */
		4E73287E287C9D5F002C1EB3 /* CopyFiles */ = {
			isa = PBXCopyFilesBuildPhase;
			buildActionMask = 2147483647;
			dstPath = /usr/share/man/man1/;
			dstSubfolderSpec = 0;
			files = (
			);
			runOnlyForDeploymentPostprocessing = 1;
		};
/* End PBXCopyFilesBuildPhase section */

/* Begin PBXFileReference section */
		4E0589672888608D0039CF70 /* Bag.swift */ = {isa = PBXFileReference; lastKnownFileType = sourcecode.swift; path = Bag.swift; sourceTree = "<group>"; };
		4E058969288860930039CF70 /* Stack.swift */ = {isa = PBXFileReference; lastKnownFileType = sourcecode.swift; path = Stack.swift; sourceTree = "<group>"; };
		4E05896B288860970039CF70 /* Queue.swift */ = {isa = PBXFileReference; lastKnownFileType = sourcecode.swift; path = Queue.swift; sourceTree = "<group>"; };
		4E732880287C9D5F002C1EB3 /* SwiftAGDS */ = {isa = PBXFileReference; explicitFileType = "compiled.mach-o.executable"; includeInIndex = 0; path = SwiftAGDS; sourceTree = BUILT_PRODUCTS_DIR; };
		4E732883287C9D5F002C1EB3 /* main.swift */ = {isa = PBXFileReference; lastKnownFileType = sourcecode.swift; path = main.swift; sourceTree = "<group>"; };
		4E73288B287C9D93002C1EB3 /* Recursion.swift */ = {isa = PBXFileReference; lastKnownFileType = sourcecode.swift; path = Recursion.swift; sourceTree = "<group>"; };
		4E73288E287CA07C002C1EB3 /* String+DPStringTool.swift */ = {isa = PBXFileReference; fileEncoding = 4; lastKnownFileType = sourcecode.swift; path = "String+DPStringTool.swift"; sourceTree = "<group>"; };
		4E732890287CA20A002C1EB3 /* story.txt */ = {isa = PBXFileReference; fileEncoding = 4; lastKnownFileType = text; path = story.txt; sourceTree = "<group>"; };
		4E8BA5122885BD6A002461FB /* Searching.swift */ = {isa = PBXFileReference; lastKnownFileType = sourcecode.swift; path = Searching.swift; sourceTree = "<group>"; };
		4E8BA5142885BF85002461FB /* Sorting.swift */ = {isa = PBXFileReference; lastKnownFileType = sourcecode.swift; path = Sorting.swift; sourceTree = "<group>"; };
		4EAB826A287F2DD5008906AD /* ExhaustiveSearch.swift */ = {isa = PBXFileReference; lastKnownFileType = sourcecode.swift; path = ExhaustiveSearch.swift; sourceTree = "<group>"; };
		4EAB826C287F41E5008906AD /* Backtracking.swift */ = {isa = PBXFileReference; lastKnownFileType = sourcecode.swift; path = Backtracking.swift; sourceTree = "<group>"; };
		4EAB826F287F4A04008906AD /* QueensSolver.swift */ = {isa = PBXFileReference; fileEncoding = 4; lastKnownFileType = sourcecode.swift; path = QueensSolver.swift; sourceTree = "<group>"; };
		4EAB8271287F4A10008906AD /* Board.swift */ = {isa = PBXFileReference; fileEncoding = 4; lastKnownFileType = sourcecode.swift; path = Board.swift; sourceTree = "<group>"; };
		E524725C2895B31D001390F9 /* ProblemSet4(TreeBasics).swift */ = {isa = PBXFileReference; lastKnownFileType = sourcecode.swift; path = "ProblemSet4(TreeBasics).swift"; sourceTree = "<group>"; };
		E56F7FAB28AAB49300EE1458 /* ProblemSet7(GreedyAlgorithm).swift */ = {isa = PBXFileReference; lastKnownFileType = sourcecode.swift; path = "ProblemSet7(GreedyAlgorithm).swift"; sourceTree = "<group>"; };
		E56F7FAD28AD68E000EE1458 /* UF.swift */ = {isa = PBXFileReference; fileEncoding = 4; lastKnownFileType = sourcecode.swift; path = UF.swift; sourceTree = "<group>"; };
		E56F7FAF28AD6E3D00EE1458 /* Excercises_UnionFind.swift */ = {isa = PBXFileReference; lastKnownFileType = sourcecode.swift; path = Excercises_UnionFind.swift; sourceTree = "<group>"; };
		E574BEE928B1E6CE006AE5FD /* MinimumCostFlow.swift */ = {isa = PBXFileReference; lastKnownFileType = sourcecode.swift; path = MinimumCostFlow.swift; sourceTree = "<group>"; };
		E574BEEB28B3F1E0006AE5FD /* mcfTestCases */ = {isa = PBXFileReference; lastKnownFileType = folder; path = mcfTestCases; sourceTree = "<group>"; };
		E574BEEC28B46A23006AE5FD /* ProblemSet8(NetWork).swift */ = {isa = PBXFileReference; lastKnownFileType = sourcecode.swift; path = "ProblemSet8(NetWork).swift"; sourceTree = "<group>"; };
		E574BEEE28B565ED006AE5FD /* IndexPriorityQueue.swift */ = {isa = PBXFileReference; lastKnownFileType = sourcecode.swift; path = IndexPriorityQueue.swift; sourceTree = "<group>"; };
		E57ED95C2891D6CA00A308FE /* ProblemSet2(Graph).swift */ = {isa = PBXFileReference; fileEncoding = 4; lastKnownFileType = sourcecode.swift; path = "ProblemSet2(Graph).swift"; sourceTree = "<group>"; };
		E57ED95F28930B0E00A308FE /* TreeTraversal.swift */ = {isa = PBXFileReference; lastKnownFileType = sourcecode.swift; path = TreeTraversal.swift; sourceTree = "<group>"; };
		E590A7FF289AD8B400458C4C /* parent */ = {isa = PBXFileReference; lastKnownFileType = folder; path = parent; sourceTree = "<group>"; };
		E590A801289C14A800458C4C /* ProgramSet5(Lowest Common Ancestor) .swift */ = {isa = PBXFileReference; fileEncoding = 4; lastKnownFileType = sourcecode.swift; path = "ProgramSet5(Lowest Common Ancestor) .swift"; sourceTree = "<group>"; };
		E590A803289C2FF800458C4C /* LCATestCases */ = {isa = PBXFileReference; lastKnownFileType = folder; path = LCATestCases; sourceTree = "<group>"; };
		E590A804289CDB1600458C4C /* SushiReviews.swift */ = {isa = PBXFileReference; lastKnownFileType = sourcecode.swift; path = SushiReviews.swift; sourceTree = "<group>"; };
		E590A806289CEE8800458C4C /* SushiTestCases */ = {isa = PBXFileReference; lastKnownFileType = folder; path = SushiTestCases; sourceTree = "<group>"; };
		E590A809289F165100458C4C /* Diameter.swift */ = {isa = PBXFileReference; lastKnownFileType = sourcecode.swift; path = Diameter.swift; sourceTree = "<group>"; };
		E590A80C28A177A300458C4C /* Town.swift */ = {isa = PBXFileReference; fileEncoding = 4; lastKnownFileType = sourcecode.swift; path = Town.swift; sourceTree = "<group>"; };
		E590A81028A2CF1500458C4C /* Maze.swift */ = {isa = PBXFileReference; fileEncoding = 4; lastKnownFileType = sourcecode.swift; path = Maze.swift; sourceTree = "<group>"; };
		E590A81228A2CF4200458C4C /* ProblemSet3(FloodFill).swift */ = {isa = PBXFileReference; lastKnownFileType = sourcecode.swift; path = "ProblemSet3(FloodFill).swift"; sourceTree = "<group>"; };
		E5D278AD28A57449009E9748 /* ProgramSet6(TopologicalSort).swift */ = {isa = PBXFileReference; lastKnownFileType = sourcecode.swift; path = "ProgramSet6(TopologicalSort).swift"; sourceTree = "<group>"; };
		E5F8B756288872C90046CA9C /* PriorityQueue.swift */ = {isa = PBXFileReference; lastKnownFileType = sourcecode.swift; path = PriorityQueue.swift; sourceTree = "<group>"; };
/* End PBXFileReference section */

/* Begin PBXFrameworksBuildPhase section */
		4E73287D287C9D5F002C1EB3 /* Frameworks */ = {
			isa = PBXFrameworksBuildPhase;
			buildActionMask = 2147483647;
			files = (
			);
			runOnlyForDeploymentPostprocessing = 0;
		};
/* End PBXFrameworksBuildPhase section */

/* Begin PBXGroup section */
		4E0589662888607F0039CF70 /* DataStructures1 */ = {
			isa = PBXGroup;
			children = (
				4E0589672888608D0039CF70 /* Bag.swift */,
				4E058969288860930039CF70 /* Stack.swift */,
				4E05896B288860970039CF70 /* Queue.swift */,
				E56F7FAD28AD68E000EE1458 /* UF.swift */,
				E574BEEE28B565ED006AE5FD /* IndexPriorityQueue.swift */,
			);
			path = DataStructures1;
			sourceTree = "<group>";
		};
		4E732877287C9D5F002C1EB3 = {
			isa = PBXGroup;
			children = (
				4E732882287C9D5F002C1EB3 /* SwiftAGDS */,
				4E732881287C9D5F002C1EB3 /* Products */,
			);
			sourceTree = "<group>";
		};
		4E732881287C9D5F002C1EB3 /* Products */ = {
			isa = PBXGroup;
			children = (
				4E732880287C9D5F002C1EB3 /* SwiftAGDS */,
			);
			name = Products;
			sourceTree = "<group>";
		};
		4E732882287C9D5F002C1EB3 /* SwiftAGDS */ = {
			isa = PBXGroup;
			children = (
				E590A80B28A1778D00458C4C /* FloodFill */,
				E57ED95E28930A4D00A308FE /* Tree */,
				E57ED95B2891D6B100A308FE /* Assignment */,
				E5F8B7552888729A0046CA9C /* DesigningAlgorithms(Presentation) */,
				4E0589662888607F0039CF70 /* DataStructures1 */,
				4E8BA5112885BD2C002461FB /* SearchingSorting */,
				4EAB826E287F49F6008906AD /* MiniProject2 */,
				4E73288D287CA070002C1EB3 /* Utils */,
				4E73288A287C9D81002C1EB3 /* Recursion */,
				4E732883287C9D5F002C1EB3 /* main.swift */,
			);
			path = SwiftAGDS;
			sourceTree = "<group>";
		};
		4E73288A287C9D81002C1EB3 /* Recursion */ = {
			isa = PBXGroup;
			children = (
				4E73288B287C9D93002C1EB3 /* Recursion.swift */,
				4E732890287CA20A002C1EB3 /* story.txt */,
				4EAB826A287F2DD5008906AD /* ExhaustiveSearch.swift */,
				4EAB826C287F41E5008906AD /* Backtracking.swift */,
			);
			path = Recursion;
			sourceTree = "<group>";
		};
		4E73288D287CA070002C1EB3 /* Utils */ = {
			isa = PBXGroup;
			children = (
				4E73288E287CA07C002C1EB3 /* String+DPStringTool.swift */,
			);
			path = Utils;
			sourceTree = "<group>";
		};
		4E8BA5112885BD2C002461FB /* SearchingSorting */ = {
			isa = PBXGroup;
			children = (
				4E8BA5122885BD6A002461FB /* Searching.swift */,
				4E8BA5142885BF85002461FB /* Sorting.swift */,
			);
			path = SearchingSorting;
			sourceTree = "<group>";
		};
		4EAB826E287F49F6008906AD /* MiniProject2 */ = {
			isa = PBXGroup;
			children = (
				4EAB826F287F4A04008906AD /* QueensSolver.swift */,
				4EAB8271287F4A10008906AD /* Board.swift */,
			);
			path = MiniProject2;
			sourceTree = "<group>";
		};
		E57ED95B2891D6B100A308FE /* Assignment */ = {
			isa = PBXGroup;
			children = (
				E574BEEB28B3F1E0006AE5FD /* mcfTestCases */,
				E590A806289CEE8800458C4C /* SushiTestCases */,
				E590A803289C2FF800458C4C /* LCATestCases */,
				E590A7FF289AD8B400458C4C /* parent */,
				E57ED95C2891D6CA00A308FE /* ProblemSet2(Graph).swift */,
				E590A81228A2CF4200458C4C /* ProblemSet3(FloodFill).swift */,
				E524725C2895B31D001390F9 /* ProblemSet4(TreeBasics).swift */,
				E590A801289C14A800458C4C /* ProgramSet5(Lowest Common Ancestor) .swift */,
				E5D278AD28A57449009E9748 /* ProgramSet6(TopologicalSort).swift */,
				E56F7FAB28AAB49300EE1458 /* ProblemSet7(GreedyAlgorithm).swift */,
				E574BEEC28B46A23006AE5FD /* ProblemSet8(NetWork).swift */,
				E590A804289CDB1600458C4C /* SushiReviews.swift */,
				E590A809289F165100458C4C /* Diameter.swift */,
				E56F7FAF28AD6E3D00EE1458 /* Excercises_UnionFind.swift */,
				E574BEE928B1E6CE006AE5FD /* MinimumCostFlow.swift */,
			);
			path = Assignment;
			sourceTree = "<group>";
		};
		E57ED95E28930A4D00A308FE /* Tree */ = {
			isa = PBXGroup;
			children = (
				E57ED95F28930B0E00A308FE /* TreeTraversal.swift */,
			);
			path = Tree;
			sourceTree = "<group>";
		};
		E590A80B28A1778D00458C4C /* FloodFill */ = {
			isa = PBXGroup;
			children = (
				E590A81028A2CF1500458C4C /* Maze.swift */,
				E590A80C28A177A300458C4C /* Town.swift */,
			);
			path = FloodFill;
			sourceTree = "<group>";
		};
		E5F8B7552888729A0046CA9C /* DesigningAlgorithms(Presentation) */ = {
			isa = PBXGroup;
			children = (
				E5F8B756288872C90046CA9C /* PriorityQueue.swift */,
			);
			path = "DesigningAlgorithms(Presentation)";
			sourceTree = "<group>";
		};
/* End PBXGroup section */

/* Begin PBXNativeTarget section */
		4E73287F287C9D5F002C1EB3 /* SwiftAGDS */ = {
			isa = PBXNativeTarget;
			buildConfigurationList = 4E732887287C9D5F002C1EB3 /* Build configuration list for PBXNativeTarget "SwiftAGDS" */;
			buildPhases = (
				4E73287C287C9D5F002C1EB3 /* Sources */,
				4E73287D287C9D5F002C1EB3 /* Frameworks */,
				4E73287E287C9D5F002C1EB3 /* CopyFiles */,
			);
			buildRules = (
			);
			dependencies = (
			);
			name = SwiftAGDS;
			productName = SwiftAGDS;
			productReference = 4E732880287C9D5F002C1EB3 /* SwiftAGDS */;
			productType = "com.apple.product-type.tool";
		};
/* End PBXNativeTarget section */

/* Begin PBXProject section */
		4E732878287C9D5F002C1EB3 /* Project object */ = {
			isa = PBXProject;
			attributes = {
				BuildIndependentTargetsInParallel = 1;
				LastSwiftUpdateCheck = 1340;
				LastUpgradeCheck = 1340;
				TargetAttributes = {
					4E73287F287C9D5F002C1EB3 = {
						CreatedOnToolsVersion = 13.4.1;
					};
				};
			};
			buildConfigurationList = 4E73287B287C9D5F002C1EB3 /* Build configuration list for PBXProject "SwiftAGDS" */;
			compatibilityVersion = "Xcode 13.0";
			developmentRegion = en;
			hasScannedForEncodings = 0;
			knownRegions = (
				en,
				Base,
			);
			mainGroup = 4E732877287C9D5F002C1EB3;
			productRefGroup = 4E732881287C9D5F002C1EB3 /* Products */;
			projectDirPath = "";
			projectRoot = "";
			targets = (
				4E73287F287C9D5F002C1EB3 /* SwiftAGDS */,
			);
		};
/* End PBXProject section */

/* Begin PBXSourcesBuildPhase section */
		4E73287C287C9D5F002C1EB3 /* Sources */ = {
			isa = PBXSourcesBuildPhase;
			buildActionMask = 2147483647;
			files = (
				4E0589682888608D0039CF70 /* Bag.swift in Sources */,
				E574BEEF28B565ED006AE5FD /* IndexPriorityQueue.swift in Sources */,
				4E73288F287CA07C002C1EB3 /* String+DPStringTool.swift in Sources */,
				4EAB826B287F2DD5008906AD /* ExhaustiveSearch.swift in Sources */,
				E57ED95D2891D6CA00A308FE /* ProblemSet2(Graph).swift in Sources */,
				4EAB826D287F41E5008906AD /* Backtracking.swift in Sources */,
				E574BEED28B46A23006AE5FD /* ProblemSet8(NetWork).swift in Sources */,
				E590A80A289F165100458C4C /* Diameter.swift in Sources */,
				4E73288C287C9D93002C1EB3 /* Recursion.swift in Sources */,
				4E05896A288860930039CF70 /* Stack.swift in Sources */,
				E5D278AE28A57449009E9748 /* ProgramSet6(TopologicalSort).swift in Sources */,
				E57ED96028930B0E00A308FE /* TreeTraversal.swift in Sources */,
				4EAB8272287F4A10008906AD /* Board.swift in Sources */,
				4E05896C288860970039CF70 /* Queue.swift in Sources */,
				4E732884287C9D5F002C1EB3 /* main.swift in Sources */,
				E56F7FAC28AAB49300EE1458 /* ProblemSet7(GreedyAlgorithm).swift in Sources */,
				E590A802289C14A800458C4C /* ProgramSet5(Lowest Common Ancestor) .swift in Sources */,
				E590A80D28A177A300458C4C /* Town.swift in Sources */,
				E590A805289CDB1600458C4C /* SushiReviews.swift in Sources */,
				4E8BA5152885BF85002461FB /* Sorting.swift in Sources */,
				4E8BA5132885BD6A002461FB /* Searching.swift in Sources */,
				4EAB8270287F4A04008906AD /* QueensSolver.swift in Sources */,
				E5F8B757288872C90046CA9C /* PriorityQueue.swift in Sources */,
				E590A81328A2CF4200458C4C /* ProblemSet3(FloodFill).swift in Sources */,
				E56F7FB028AD6E3D00EE1458 /* Excercises_UnionFind.swift in Sources */,
				E524725D2895B31D001390F9 /* ProblemSet4(TreeBasics).swift in Sources */,
				E56F7FAE28AD68E000EE1458 /* UF.swift in Sources */,
				E574BEEA28B1E6CE006AE5FD /* MinimumCostFlow.swift in Sources */,
				E590A81128A2CF1500458C4C /* Maze.swift in Sources */,
			);
			runOnlyForDeploymentPostprocessing = 0;
		};
/* End PBXSourcesBuildPhase section */

/* Begin XCBuildConfiguration section */
		4E732885287C9D5F002C1EB3 /* Debug */ = {
			isa = XCBuildConfiguration;
			buildSettings = {
				ALWAYS_SEARCH_USER_PATHS = NO;
				CLANG_ANALYZER_NONNULL = YES;
				CLANG_ANALYZER_NUMBER_OBJECT_CONVERSION = YES_AGGRESSIVE;
				CLANG_CXX_LANGUAGE_STANDARD = "gnu++17";
				CLANG_ENABLE_MODULES = YES;
				CLANG_ENABLE_OBJC_ARC = YES;
				CLANG_ENABLE_OBJC_WEAK = YES;
				CLANG_WARN_BLOCK_CAPTURE_AUTORELEASING = YES;
				CLANG_WARN_BOOL_CONVERSION = YES;
				CLANG_WARN_COMMA = YES;
				CLANG_WARN_CONSTANT_CONVERSION = YES;
				CLANG_WARN_DEPRECATED_OBJC_IMPLEMENTATIONS = YES;
				CLANG_WARN_DIRECT_OBJC_ISA_USAGE = YES_ERROR;
				CLANG_WARN_DOCUMENTATION_COMMENTS = YES;
				CLANG_WARN_EMPTY_BODY = YES;
				CLANG_WARN_ENUM_CONVERSION = YES;
				CLANG_WARN_INFINITE_RECURSION = YES;
				CLANG_WARN_INT_CONVERSION = YES;
				CLANG_WARN_NON_LITERAL_NULL_CONVERSION = YES;
				CLANG_WARN_OBJC_IMPLICIT_RETAIN_SELF = YES;
				CLANG_WARN_OBJC_LITERAL_CONVERSION = YES;
				CLANG_WARN_OBJC_ROOT_CLASS = YES_ERROR;
				CLANG_WARN_QUOTED_INCLUDE_IN_FRAMEWORK_HEADER = YES;
				CLANG_WARN_RANGE_LOOP_ANALYSIS = YES;
				CLANG_WARN_STRICT_PROTOTYPES = YES;
				CLANG_WARN_SUSPICIOUS_MOVE = YES;
				CLANG_WARN_UNGUARDED_AVAILABILITY = YES_AGGRESSIVE;
				CLANG_WARN_UNREACHABLE_CODE = YES;
				CLANG_WARN__DUPLICATE_METHOD_MATCH = YES;
				COPY_PHASE_STRIP = NO;
				DEBUG_INFORMATION_FORMAT = dwarf;
				ENABLE_STRICT_OBJC_MSGSEND = YES;
				ENABLE_TESTABILITY = YES;
				GCC_C_LANGUAGE_STANDARD = gnu11;
				GCC_DYNAMIC_NO_PIC = NO;
				GCC_NO_COMMON_BLOCKS = YES;
				GCC_OPTIMIZATION_LEVEL = 0;
				GCC_PREPROCESSOR_DEFINITIONS = (
					"DEBUG=1",
					"$(inherited)",
				);
				GCC_WARN_64_TO_32_BIT_CONVERSION = YES;
				GCC_WARN_ABOUT_RETURN_TYPE = YES_ERROR;
				GCC_WARN_UNDECLARED_SELECTOR = YES;
				GCC_WARN_UNINITIALIZED_AUTOS = YES_AGGRESSIVE;
				GCC_WARN_UNUSED_FUNCTION = YES;
				GCC_WARN_UNUSED_VARIABLE = YES;
				MACOSX_DEPLOYMENT_TARGET = 12.3;
				MTL_ENABLE_DEBUG_INFO = INCLUDE_SOURCE;
				MTL_FAST_MATH = YES;
				ONLY_ACTIVE_ARCH = YES;
				SDKROOT = macosx;
				SWIFT_ACTIVE_COMPILATION_CONDITIONS = DEBUG;
				SWIFT_OPTIMIZATION_LEVEL = "-Onone";
			};
			name = Debug;
		};
		4E732886287C9D5F002C1EB3 /* Release */ = {
			isa = XCBuildConfiguration;
			buildSettings = {
				ALWAYS_SEARCH_USER_PATHS = NO;
				CLANG_ANALYZER_NONNULL = YES;
				CLANG_ANALYZER_NUMBER_OBJECT_CONVERSION = YES_AGGRESSIVE;
				CLANG_CXX_LANGUAGE_STANDARD = "gnu++17";
				CLANG_ENABLE_MODULES = YES;
				CLANG_ENABLE_OBJC_ARC = YES;
				CLANG_ENABLE_OBJC_WEAK = YES;
				CLANG_WARN_BLOCK_CAPTURE_AUTORELEASING = YES;
				CLANG_WARN_BOOL_CONVERSION = YES;
				CLANG_WARN_COMMA = YES;
				CLANG_WARN_CONSTANT_CONVERSION = YES;
				CLANG_WARN_DEPRECATED_OBJC_IMPLEMENTATIONS = YES;
				CLANG_WARN_DIRECT_OBJC_ISA_USAGE = YES_ERROR;
				CLANG_WARN_DOCUMENTATION_COMMENTS = YES;
				CLANG_WARN_EMPTY_BODY = YES;
				CLANG_WARN_ENUM_CONVERSION = YES;
				CLANG_WARN_INFINITE_RECURSION = YES;
				CLANG_WARN_INT_CONVERSION = YES;
				CLANG_WARN_NON_LITERAL_NULL_CONVERSION = YES;
				CLANG_WARN_OBJC_IMPLICIT_RETAIN_SELF = YES;
				CLANG_WARN_OBJC_LITERAL_CONVERSION = YES;
				CLANG_WARN_OBJC_ROOT_CLASS = YES_ERROR;
				CLANG_WARN_QUOTED_INCLUDE_IN_FRAMEWORK_HEADER = YES;
				CLANG_WARN_RANGE_LOOP_ANALYSIS = YES;
				CLANG_WARN_STRICT_PROTOTYPES = YES;
				CLANG_WARN_SUSPICIOUS_MOVE = YES;
				CLANG_WARN_UNGUARDED_AVAILABILITY = YES_AGGRESSIVE;
				CLANG_WARN_UNREACHABLE_CODE = YES;
				CLANG_WARN__DUPLICATE_METHOD_MATCH = YES;
				COPY_PHASE_STRIP = NO;
				DEBUG_INFORMATION_FORMAT = "dwarf-with-dsym";
				ENABLE_NS_ASSERTIONS = NO;
				ENABLE_STRICT_OBJC_MSGSEND = YES;
				GCC_C_LANGUAGE_STANDARD = gnu11;
				GCC_NO_COMMON_BLOCKS = YES;
				GCC_WARN_64_TO_32_BIT_CONVERSION = YES;
				GCC_WARN_ABOUT_RETURN_TYPE = YES_ERROR;
				GCC_WARN_UNDECLARED_SELECTOR = YES;
				GCC_WARN_UNINITIALIZED_AUTOS = YES_AGGRESSIVE;
				GCC_WARN_UNUSED_FUNCTION = YES;
				GCC_WARN_UNUSED_VARIABLE = YES;
				MACOSX_DEPLOYMENT_TARGET = 12.3;
				MTL_ENABLE_DEBUG_INFO = NO;
				MTL_FAST_MATH = YES;
				SDKROOT = macosx;
				SWIFT_COMPILATION_MODE = wholemodule;
				SWIFT_OPTIMIZATION_LEVEL = "-O";
			};
			name = Release;
		};
		4E732888287C9D5F002C1EB3 /* Debug */ = {
			isa = XCBuildConfiguration;
			buildSettings = {
				CODE_SIGN_STYLE = Automatic;
				PRODUCT_NAME = "$(TARGET_NAME)";
				SWIFT_VERSION = 5.0;
			};
			name = Debug;
		};
		4E732889287C9D5F002C1EB3 /* Release */ = {
			isa = XCBuildConfiguration;
			buildSettings = {
				CODE_SIGN_STYLE = Automatic;
				PRODUCT_NAME = "$(TARGET_NAME)";
				SWIFT_VERSION = 5.0;
			};
			name = Release;
		};
/* End XCBuildConfiguration section */

/* Begin XCConfigurationList section */
		4E73287B287C9D5F002C1EB3 /* Build configuration list for PBXProject "SwiftAGDS" */ = {
			isa = XCConfigurationList;
			buildConfigurations = (
				4E732885287C9D5F002C1EB3 /* Debug */,
				4E732886287C9D5F002C1EB3 /* Release */,
			);
			defaultConfigurationIsVisible = 0;
			defaultConfigurationName = Release;
		};
		4E732887287C9D5F002C1EB3 /* Build configuration list for PBXNativeTarget "SwiftAGDS" */ = {
			isa = XCConfigurationList;
			buildConfigurations = (
				4E732888287C9D5F002C1EB3 /* Debug */,
				4E732889287C9D5F002C1EB3 /* Release */,
			);
			defaultConfigurationIsVisible = 0;
			defaultConfigurationName = Release;
		};
/* End XCConfigurationList section */
	};
	rootObject = 4E732878287C9D5F002C1EB3 /* Project object */;
}
